// !$*UTF8*$!
{
	archiveVersion = 1;
	classes = {
	};
	objectVersion = 46;
	objects = {

/* Begin PBXBuildFile section */
		533E9CF01BB1F4B900B904E0 /* Credits.rtf in Resources */ = {isa = PBXBuildFile; fileRef = 533E9CEC1BB1F4B900B904E0 /* Credits.rtf */; };
		533E9CF11BB1F4B900B904E0 /* InfoPlist.strings in Resources */ = {isa = PBXBuildFile; fileRef = 533E9CEE1BB1F4B900B904E0 /* InfoPlist.strings */; };
		5368DCB619DC60AD003019C8 /* Outline.dict in Resources */ = {isa = PBXBuildFile; fileRef = 5368DCB419DC60AD003019C8 /* Outline.dict */; };
		53E207331BA0BEB000E45BA6 /* Main.storyboard in Resources */ = {isa = PBXBuildFile; fileRef = 53E207311BA0BEB000E45BA6 /* Main.storyboard */; };
		53F69A080C60F947003CB736 /* WebKit.framework in Frameworks */ = {isa = PBXBuildFile; fileRef = 53F69A070C60F947003CB736 /* WebKit.framework */; };
		8D11072F0486CEB800E47090 /* Cocoa.framework in Frameworks */ = {isa = PBXBuildFile; fileRef = 1058C7A1FEA54F0111CA2CBB /* Cocoa.framework */; };
		D7B99D2C1BDB740F000DE794 /* FileViewController.swift in Sources */ = {isa = PBXBuildFile; fileRef = D7B99D2A1BDB740F000DE794 /* FileViewController.swift */; };
		D7B99D2D1BDB740F000DE794 /* IconViewController.swift in Sources */ = {isa = PBXBuildFile; fileRef = D7B99D2B1BDB740F000DE794 /* IconViewController.swift */; };
		D7B99D331BDB7475000DE794 /* BaseNode.swift in Sources */ = {isa = PBXBuildFile; fileRef = D7B99D2F1BDB7475000DE794 /* BaseNode.swift */; };
		D7B99D341BDB7475000DE794 /* ChildNode.swift in Sources */ = {isa = PBXBuildFile; fileRef = D7B99D301BDB7475000DE794 /* ChildNode.swift */; };
		D7B99D371BDB7A8A000DE794 /* SeparatorView.swift in Sources */ = {isa = PBXBuildFile; fileRef = D7B99D361BDB7A8A000DE794 /* SeparatorView.swift */; };
		D7B99D391BDB7BAA000DE794 /* ChildEditViewController.swift in Sources */ = {isa = PBXBuildFile; fileRef = D7B99D381BDB7BAA000DE794 /* ChildEditViewController.swift */; };
		D7B99D3B1BDB7E84000DE794 /* WebViewController.swift in Sources */ = {isa = PBXBuildFile; fileRef = D7B99D3A1BDB7E84000DE794 /* WebViewController.swift */; };
		D7B99D3C1BDB8251000DE794 /* MyWindowController.swift in Sources */ = {isa = PBXBuildFile; fileRef = D7B99D311BDB7475000DE794 /* MyWindowController.swift */; };
		D7B99D3E1BDB8293000DE794 /* PrimaryViewController.swift in Sources */ = {isa = PBXBuildFile; fileRef = D7B99D3D1BDB8293000DE794 /* PrimaryViewController.swift */; };
		D7B99D401BDB8742000DE794 /* MyOutlineViewController.swift in Sources */ = {isa = PBXBuildFile; fileRef = D7B99D3F1BDB8742000DE794 /* MyOutlineViewController.swift */; };
		D7B99D411BDB8DD3000DE794 /* AppDelegate.swift in Sources */ = {isa = PBXBuildFile; fileRef = D7B99D2E1BDB7475000DE794 /* AppDelegate.swift */; };
		D7B99D431BDBBD8F000DE794 /* MySplitViewController.swift in Sources */ = {isa = PBXBuildFile; fileRef = D7B99D421BDBBD8F000DE794 /* MySplitViewController.swift */; };
/* End PBXBuildFile section */

/* Begin PBXFileReference section */
		1058C7A1FEA54F0111CA2CBB /* Cocoa.framework */ = {isa = PBXFileReference; lastKnownFileType = wrapper.framework; name = Cocoa.framework; path = /System/Library/Frameworks/Cocoa.framework; sourceTree = "<absolute>"; };
		29B97324FDCFA39411CA2CEA /* AppKit.framework */ = {isa = PBXFileReference; lastKnownFileType = wrapper.framework; name = AppKit.framework; path = /System/Library/Frameworks/AppKit.framework; sourceTree = "<absolute>"; };
		29B97325FDCFA39411CA2CEA /* Foundation.framework */ = {isa = PBXFileReference; lastKnownFileType = wrapper.framework; name = Foundation.framework; path = /System/Library/Frameworks/Foundation.framework; sourceTree = "<absolute>"; };
		533E9CEB1BB1F3E700B904E0 /* Base */ = {isa = PBXFileReference; lastKnownFileType = file.storyboard; name = Base; path = SourceView/Base.lproj/Main.storyboard; sourceTree = "<group>"; };
		533E9CED1BB1F4B900B904E0 /* Base */ = {isa = PBXFileReference; lastKnownFileType = text.rtf; name = Base; path = SourceView/Base.lproj/Credits.rtf; sourceTree = "<group>"; };
		533E9CEF1BB1F4B900B904E0 /* Base */ = {isa = PBXFileReference; fileEncoding = 10; lastKnownFileType = text.plist.strings; name = Base; path = SourceView/Base.lproj/InfoPlist.strings; sourceTree = "<group>"; };
		5368DC9319DC604D003019C8 /* README.md */ = {isa = PBXFileReference; lastKnownFileType = net.daringfireball.markdown; path = README.md; sourceTree = "<group>"; };
		5368DCB419DC60AD003019C8 /* Outline.dict */ = {isa = PBXFileReference; fileEncoding = 4; lastKnownFileType = text.plist.xml; name = Outline.dict; path = SourceView/Outline.dict; sourceTree = "<group>"; };
		5368DCB919DC60B8003019C8 /* Info.plist */ = {isa = PBXFileReference; fileEncoding = 4; lastKnownFileType = text.plist.xml; name = Info.plist; path = SourceView/Info.plist; sourceTree = "<group>"; };
		53F69A070C60F947003CB736 /* WebKit.framework */ = {isa = PBXFileReference; lastKnownFileType = wrapper.framework; name = WebKit.framework; path = /System/Library/Frameworks/WebKit.framework; sourceTree = "<absolute>"; };
		8D1107320486CEB800E47090 /* SourceView.app */ = {isa = PBXFileReference; explicitFileType = wrapper.application; includeInIndex = 0; path = SourceView.app; sourceTree = BUILT_PRODUCTS_DIR; };
		D7B99D261BDB7390000DE794 /* LICENSE.txt */ = {isa = PBXFileReference; fileEncoding = 4; lastKnownFileType = text; path = LICENSE.txt; sourceTree = "<group>"; };
		D7B99D271BDB7390000DE794 /* readme.txt */ = {isa = PBXFileReference; fileEncoding = 4; lastKnownFileType = text; path = readme.txt; sourceTree = "<group>"; };
		D7B99D2A1BDB740F000DE794 /* FileViewController.swift */ = {isa = PBXFileReference; fileEncoding = 4; lastKnownFileType = sourcecode.swift; name = FileViewController.swift; path = SourceView/FileViewController.swift; sourceTree = "<group>"; };
		D7B99D2B1BDB740F000DE794 /* IconViewController.swift */ = {isa = PBXFileReference; fileEncoding = 4; lastKnownFileType = sourcecode.swift; name = IconViewController.swift; path = SourceView/IconViewController.swift; sourceTree = "<group>"; };
		D7B99D2E1BDB7475000DE794 /* AppDelegate.swift */ = {isa = PBXFileReference; fileEncoding = 4; lastKnownFileType = sourcecode.swift; name = AppDelegate.swift; path = SourceView/AppDelegate.swift; sourceTree = "<group>"; };
		D7B99D2F1BDB7475000DE794 /* BaseNode.swift */ = {isa = PBXFileReference; fileEncoding = 4; lastKnownFileType = sourcecode.swift; name = BaseNode.swift; path = SourceView/BaseNode.swift; sourceTree = "<group>"; };
		D7B99D301BDB7475000DE794 /* ChildNode.swift */ = {isa = PBXFileReference; fileEncoding = 4; lastKnownFileType = sourcecode.swift; name = ChildNode.swift; path = SourceView/ChildNode.swift; sourceTree = "<group>"; };
		D7B99D311BDB7475000DE794 /* MyWindowController.swift */ = {isa = PBXFileReference; fileEncoding = 4; lastKnownFileType = sourcecode.swift; name = MyWindowController.swift; path = SourceView/MyWindowController.swift; sourceTree = "<group>"; };
		D7B99D361BDB7A8A000DE794 /* SeparatorView.swift */ = {isa = PBXFileReference; fileEncoding = 4; lastKnownFileType = sourcecode.swift; name = SeparatorView.swift; path = SourceView/SeparatorView.swift; sourceTree = "<group>"; };
		D7B99D381BDB7BAA000DE794 /* ChildEditViewController.swift */ = {isa = PBXFileReference; fileEncoding = 4; lastKnownFileType = sourcecode.swift; path = ChildEditViewController.swift; sourceTree = "<group>"; };
		D7B99D3A1BDB7E84000DE794 /* WebViewController.swift */ = {isa = PBXFileReference; fileEncoding = 4; lastKnownFileType = sourcecode.swift; path = WebViewController.swift; sourceTree = "<group>"; };
		D7B99D3D1BDB8293000DE794 /* PrimaryViewController.swift */ = {isa = PBXFileReference; fileEncoding = 4; lastKnownFileType = sourcecode.swift; path = PrimaryViewController.swift; sourceTree = "<group>"; };
		D7B99D3F1BDB8742000DE794 /* MyOutlineViewController.swift */ = {isa = PBXFileReference; fileEncoding = 4; lastKnownFileType = sourcecode.swift; name = MyOutlineViewController.swift; path = SourceView/MyOutlineViewController.swift; sourceTree = "<group>"; };
		D7B99D421BDBBD8F000DE794 /* MySplitViewController.swift */ = {isa = PBXFileReference; fileEncoding = 4; lastKnownFileType = sourcecode.swift; name = MySplitViewController.swift; path = SourceView/MySplitViewController.swift; sourceTree = "<group>"; };
/* End PBXFileReference section */

/* Begin PBXFrameworksBuildPhase section */
		8D11072E0486CEB800E47090 /* Frameworks */ = {
			isa = PBXFrameworksBuildPhase;
			buildActionMask = 2147483647;
			files = (
				8D11072F0486CEB800E47090 /* Cocoa.framework in Frameworks */,
				53F69A080C60F947003CB736 /* WebKit.framework in Frameworks */,
			);
			runOnlyForDeploymentPostprocessing = 0;
		};
/* End PBXFrameworksBuildPhase section */

/* Begin PBXGroup section */
		1058C7A0FEA54F0111CA2CBB /* Linked Frameworks */ = {
			isa = PBXGroup;
			children = (
				1058C7A1FEA54F0111CA2CBB /* Cocoa.framework */,
			);
			name = "Linked Frameworks";
			sourceTree = "<group>";
		};
		1058C7A2FEA54F0111CA2CBB /* Other Frameworks */ = {
			isa = PBXGroup;
			children = (
				53F69A070C60F947003CB736 /* WebKit.framework */,
				29B97324FDCFA39411CA2CEA /* AppKit.framework */,
				29B97325FDCFA39411CA2CEA /* Foundation.framework */,
			);
			name = "Other Frameworks";
			sourceTree = "<group>";
		};
		19C28FACFE9D520D11CA2CBB /* Products */ = {
			isa = PBXGroup;
			children = (
				8D1107320486CEB800E47090 /* SourceView.app */,
			);
			name = Products;
			sourceTree = "<group>";
		};
		29B97314FDCFA39411CA2CEA /* TrackIt */ = {
			isa = PBXGroup;
			children = (
				D7B99D261BDB7390000DE794 /* LICENSE.txt */,
				D7B99D271BDB7390000DE794 /* readme.txt */,
				5368DC9319DC604D003019C8 /* README.md */,
				29B97315FDCFA39411CA2CEA /* Sources */,
				29B97317FDCFA39411CA2CEA /* Resources */,
				29B97323FDCFA39411CA2CEA /* Frameworks */,
				19C28FACFE9D520D11CA2CBB /* Products */,
			);
			name = TrackIt;
			sourceTree = "<group>";
		};
		29B97315FDCFA39411CA2CEA /* Sources */ = {
			isa = PBXGroup;
			children = (
				D7B99D2E1BDB7475000DE794 /* AppDelegate.swift */,
				D7B99D311BDB7475000DE794 /* MyWindowController.swift */,
				D7B99D3D1BDB8293000DE794 /* PrimaryViewController.swift */,
				D7B99D421BDBBD8F000DE794 /* MySplitViewController.swift */,
				5334E6931BA227B300AB44BD /* Master */,
				5334E6921BA2277C00AB44BD /* Detail */,
				D7B99D381BDB7BAA000DE794 /* ChildEditViewController.swift */,
				D7B99D361BDB7A8A000DE794 /* SeparatorView.swift */,
				53663E181177C62800078216 /* Tree Support */,
			);
			name = Sources;
			sourceTree = "<group>";
		};
		29B97317FDCFA39411CA2CEA /* Resources */ = {
			isa = PBXGroup;
			children = (
				533E9CEC1BB1F4B900B904E0 /* Credits.rtf */,
				533E9CEE1BB1F4B900B904E0 /* InfoPlist.strings */,
				5368DCB419DC60AD003019C8 /* Outline.dict */,
				5368DCB919DC60B8003019C8 /* Info.plist */,
				53E207311BA0BEB000E45BA6 /* Main.storyboard */,
			);
			name = Resources;
			sourceTree = "<group>";
		};
		29B97323FDCFA39411CA2CEA /* Frameworks */ = {
			isa = PBXGroup;
			children = (
				1058C7A0FEA54F0111CA2CBB /* Linked Frameworks */,
				1058C7A2FEA54F0111CA2CBB /* Other Frameworks */,
			);
			name = Frameworks;
			sourceTree = "<group>";
		};
		5334E6921BA2277C00AB44BD /* Detail */ = {
			isa = PBXGroup;
			children = (
				D7B99D2A1BDB740F000DE794 /* FileViewController.swift */,
				D7B99D2B1BDB740F000DE794 /* IconViewController.swift */,
				D7B99D3A1BDB7E84000DE794 /* WebViewController.swift */,
			);
			name = Detail;
			sourceTree = "<group>";
		};
		5334E6931BA227B300AB44BD /* Master */ = {
			isa = PBXGroup;
			children = (
				D7B99D3F1BDB8742000DE794 /* MyOutlineViewController.swift */,
			);
			name = Master;
			sourceTree = "<group>";
		};
		53663E181177C62800078216 /* Tree Support */ = {
			isa = PBXGroup;
			children = (
				D7B99D2F1BDB7475000DE794 /* BaseNode.swift */,
				D7B99D301BDB7475000DE794 /* ChildNode.swift */,
			);
			name = "Tree Support";
			sourceTree = "<group>";
		};
/* End PBXGroup section */

/* Begin PBXNativeTarget section */
		8D1107260486CEB800E47090 /* SourceView */ = {
			isa = PBXNativeTarget;
			buildConfigurationList = C01FCF4A08A954540054247B /* Build configuration list for PBXNativeTarget "SourceView" */;
			buildPhases = (
				8D1107290486CEB800E47090 /* Resources */,
				8D11072C0486CEB800E47090 /* Sources */,
				8D11072E0486CEB800E47090 /* Frameworks */,
			);
			buildRules = (
			);
			dependencies = (
			);
			name = SourceView;
			productInstallPath = "$(HOME)/Applications";
			productName = TrackIt;
			productReference = 8D1107320486CEB800E47090 /* SourceView.app */;
			productType = "com.apple.product-type.application";
		};
/* End PBXNativeTarget section */

/* Begin PBXProject section */
		29B97313FDCFA39411CA2CEA /* Project object */ = {
			isa = PBXProject;
			attributes = {
				LastSwiftUpdateCheck = 0710;
				LastUpgradeCheck = 0700;
				TargetAttributes = {
					8D1107260486CEB800E47090 = {
						DevelopmentTeam = V7M23Q5387;
					};
				};
			};
			buildConfigurationList = C01FCF4E08A954540054247B /* Build configuration list for PBXProject "SourceView" */;
			compatibilityVersion = "Xcode 3.2";
			developmentRegion = English;
			hasScannedForEncodings = 1;
			knownRegions = (
				en,
				English,
				Base,
			);
			mainGroup = 29B97314FDCFA39411CA2CEA /* TrackIt */;
			projectDirPath = "";
			projectRoot = "";
			targets = (
				8D1107260486CEB800E47090 /* SourceView */,
			);
		};
/* End PBXProject section */

/* Begin PBXResourcesBuildPhase section */
		8D1107290486CEB800E47090 /* Resources */ = {
			isa = PBXResourcesBuildPhase;
			buildActionMask = 2147483647;
			files = (
				5368DCB619DC60AD003019C8 /* Outline.dict in Resources */,
				533E9CF11BB1F4B900B904E0 /* InfoPlist.strings in Resources */,
				533E9CF01BB1F4B900B904E0 /* Credits.rtf in Resources */,
				53E207331BA0BEB000E45BA6 /* Main.storyboard in Resources */,
			);
			runOnlyForDeploymentPostprocessing = 0;
		};
/* End PBXResourcesBuildPhase section */

/* Begin PBXSourcesBuildPhase section */
		8D11072C0486CEB800E47090 /* Sources */ = {
			isa = PBXSourcesBuildPhase;
			buildActionMask = 2147483647;
			files = (
				D7B99D411BDB8DD3000DE794 /* AppDelegate.swift in Sources */,
				D7B99D391BDB7BAA000DE794 /* ChildEditViewController.swift in Sources */,
				D7B99D401BDB8742000DE794 /* MyOutlineViewController.swift in Sources */,
				D7B99D3C1BDB8251000DE794 /* MyWindowController.swift in Sources */,
				D7B99D2C1BDB740F000DE794 /* FileViewController.swift in Sources */,
				D7B99D431BDBBD8F000DE794 /* MySplitViewController.swift in Sources */,
				D7B99D331BDB7475000DE794 /* BaseNode.swift in Sources */,
				D7B99D3E1BDB8293000DE794 /* PrimaryViewController.swift in Sources */,
				D7B99D371BDB7A8A000DE794 /* SeparatorView.swift in Sources */,
				D7B99D2D1BDB740F000DE794 /* IconViewController.swift in Sources */,
				D7B99D341BDB7475000DE794 /* ChildNode.swift in Sources */,
				D7B99D3B1BDB7E84000DE794 /* WebViewController.swift in Sources */,
			);
			runOnlyForDeploymentPostprocessing = 0;
		};
/* End PBXSourcesBuildPhase section */

/* Begin PBXVariantGroup section */
		533E9CEC1BB1F4B900B904E0 /* Credits.rtf */ = {
			isa = PBXVariantGroup;
			children = (
				533E9CED1BB1F4B900B904E0 /* Base */,
			);
			name = Credits.rtf;
			sourceTree = "<group>";
		};
		533E9CEE1BB1F4B900B904E0 /* InfoPlist.strings */ = {
			isa = PBXVariantGroup;
			children = (
				533E9CEF1BB1F4B900B904E0 /* Base */,
			);
			name = InfoPlist.strings;
			sourceTree = "<group>";
		};
		53E207311BA0BEB000E45BA6 /* Main.storyboard */ = {
			isa = PBXVariantGroup;
			children = (
				533E9CEB1BB1F3E700B904E0 /* Base */,
			);
			name = Main.storyboard;
			sourceTree = "<group>";
		};
/* End PBXVariantGroup section */

/* Begin XCBuildConfiguration section */
		C01FCF4B08A954540054247B /* Debug */ = {
			isa = XCBuildConfiguration;
			buildSettings = {
				CLANG_ENABLE_MODULES = YES;
				CLANG_ENABLE_OBJC_ARC = YES;
				CLANG_WARN__DUPLICATE_METHOD_MATCH = YES;
				COMBINE_HIDPI_IMAGES = YES;
				GCC_PREFIX_HEADER = SourceView/Prefix.pch;
				GCC_WARN_64_TO_32_BIT_CONVERSION = YES;
				GCC_WARN_SIGN_COMPARE = YES;
				GCC_WARN_UNDECLARED_SELECTOR = YES;
				GCC_WARN_UNUSED_PARAMETER = NO;
				INFOPLIST_FILE = SourceView/Info.plist;
				INSTALL_PATH = "$(HOME)/Applications";
				LD_RUNPATH_SEARCH_PATHS = "$(inherited) @executable_path/../Frameworks";
				MACOSX_DEPLOYMENT_TARGET = 10.10;
				PRODUCT_BUNDLE_IDENTIFIER = "com.example.apple-samplecode.${PRODUCT_NAME:rfc1034identifier}";
				PRODUCT_NAME = SourceView;
				SDKROOT = macosx;
				SWIFT_OPTIMIZATION_LEVEL = "-Onone";
				WRAPPER_EXTENSION = app;
			};
			name = Debug;
		};
		C01FCF4C08A954540054247B /* Release */ = {
			isa = XCBuildConfiguration;
			buildSettings = {
				CLANG_ENABLE_MODULES = YES;
				CLANG_ENABLE_OBJC_ARC = YES;
				CLANG_WARN__DUPLICATE_METHOD_MATCH = YES;
				COMBINE_HIDPI_IMAGES = YES;
				GCC_FAST_OBJC_DISPATCH = YES;
				GCC_OPTIMIZATION_LEVEL = s;
				GCC_PREFIX_HEADER = SourceView/Prefix.pch;
				GCC_WARN_64_TO_32_BIT_CONVERSION = YES;
				GCC_WARN_SIGN_COMPARE = YES;
				GCC_WARN_UNDECLARED_SELECTOR = YES;
				GCC_WARN_UNUSED_PARAMETER = NO;
				INFOPLIST_FILE = SourceView/Info.plist;
				INSTALL_PATH = "$(HOME)/Applications";
				LD_RUNPATH_SEARCH_PATHS = "$(inherited) @executable_path/../Frameworks";
				MACOSX_DEPLOYMENT_TARGET = 10.10;
				PRODUCT_BUNDLE_IDENTIFIER = "com.example.apple-samplecode.${PRODUCT_NAME:rfc1034identifier}";
				PRODUCT_NAME = SourceView;
				SDKROOT = macosx;
				WRAPPER_EXTENSION = app;
			};
			name = Release;
		};
		C01FCF4F08A954540054247B /* Debug */ = {
			isa = XCBuildConfiguration;
			buildSettings = {
				DEBUG_INFORMATION_FORMAT = "dwarf-with-dsym";
				ENABLE_TESTABILITY = YES;
				GCC_FAST_OBJC_DISPATCH = NO;
				GCC_OPTIMIZATION_LEVEL = 0;
				GCC_WARN_ABOUT_MISSING_FIELD_INITIALIZERS = YES;
				GCC_WARN_ABOUT_MISSING_PROTOTYPES = YES;
				GCC_WARN_ABOUT_RETURN_TYPE = YES;
				GCC_WARN_INITIALIZER_NOT_FULLY_BRACKETED = YES;
				GCC_WARN_SHADOW = YES;
				GCC_WARN_UNINITIALIZED_AUTOS = YES;
				GCC_WARN_UNKNOWN_PRAGMAS = YES;
				GCC_WARN_UNUSED_FUNCTION = YES;
				GCC_WARN_UNUSED_LABEL = YES;
				GCC_WARN_UNUSED_PARAMETER = NO;
				GCC_WARN_UNUSED_VARIABLE = YES;
				MACOSX_DEPLOYMENT_TARGET = 10.10;
				ONLY_ACTIVE_ARCH = YES;
				RUN_CLANG_STATIC_ANALYZER = YES;
				SDKROOT = macosx;
			};
			name = Debug;
		};
		C01FCF5008A954540054247B /* Release */ = {
			isa = XCBuildConfiguration;
			buildSettings = {
				DEBUG_INFORMATION_FORMAT = "dwarf-with-dsym";
				GCC_WARN_ABOUT_MISSING_FIELD_INITIALIZERS = YES;
				GCC_WARN_ABOUT_MISSING_PROTOTYPES = YES;
				GCC_WARN_ABOUT_RETURN_TYPE = YES;
				GCC_WARN_INITIALIZER_NOT_FULLY_BRACKETED = YES;
				GCC_WARN_SHADOW = YES;
				GCC_WARN_UNINITIALIZED_AUTOS = YES;
				GCC_WARN_UNKNOWN_PRAGMAS = YES;
				GCC_WARN_UNUSED_FUNCTION = YES;
				GCC_WARN_UNUSED_LABEL = YES;
				GCC_WARN_UNUSED_PARAMETER = NO;
				GCC_WARN_UNUSED_VARIABLE = YES;
				MACOSX_DEPLOYMENT_TARGET = 10.10;
				SDKROOT = macosx;
			};
			name = Release;
		};
/* End XCBuildConfiguration section */

/* Begin XCConfigurationList section */
		C01FCF4A08A954540054247B /* Build configuration list for PBXNativeTarget "SourceView" */ = {
			isa = XCConfigurationList;
			buildConfigurations = (
				C01FCF4B08A954540054247B /* Debug */,
				C01FCF4C08A954540054247B /* Release */,
			);
			defaultConfigurationIsVisible = 0;
			defaultConfigurationName = Release;
		};
		C01FCF4E08A954540054247B /* Build configuration list for PBXProject "SourceView" */ = {
			isa = XCConfigurationList;
			buildConfigurations = (
				C01FCF4F08A954540054247B /* Debug */,
				C01FCF5008A954540054247B /* Release */,
			);
			defaultConfigurationIsVisible = 0;
			defaultConfigurationName = Release;
		};
/* End XCConfigurationList section */
	};
	rootObject = 29B97313FDCFA39411CA2CEA /* Project object */;
}
