// !$*UTF8*$!
{
	archiveVersion = 1;
	classes = {
	};
	objectVersion = 46;
	objects = {

/* Begin PBXBuildFile section */
		533E9CF01BB1F4B900B904E0 /* Credits.rtf in Resources */ = {isa = PBXBuildFile; fileRef = 533E9CEC1BB1F4B900B904E0 /* Credits.rtf */; };
		533E9CF11BB1F4B900B904E0 /* InfoPlist.strings in Resources */ = {isa = PBXBuildFile; fileRef = 533E9CEE1BB1F4B900B904E0 /* InfoPlist.strings */; };
		5368DCB619DC60AD003019C8 /* Outline.dict in Resources */ = {isa = PBXBuildFile; fileRef = 5368DCB419DC60AD003019C8 /* Outline.dict */; };
		537D3D971CB571D000CB2D64 /* WebKit.framework in Frameworks */ = {isa = PBXBuildFile; fileRef = 537D3D961CB571D000CB2D64 /* WebKit.framework */; };
		53E207331BA0BEB000E45BA6 /* Main.storyboard in Resources */ = {isa = PBXBuildFile; fileRef = 53E207311BA0BEB000E45BA6 /* Main.storyboard */; };
		D7461FFC1F0B0FED00AFF899 /* BaseNode.swift in Sources */ = {isa = PBXBuildFile; fileRef = D7461FFA1F0B0FED00AFF899 /* BaseNode.swift */; };
		D7461FFD1F0B0FED00AFF899 /* ChildNode.swift in Sources */ = {isa = PBXBuildFile; fileRef = D7461FFB1F0B0FED00AFF899 /* ChildNode.swift */; };
		D74620001F0B15FF00AFF899 /* ChildEditViewController.swift in Sources */ = {isa = PBXBuildFile; fileRef = D7461FFE1F0B15FF00AFF899 /* ChildEditViewController.swift */; };
		D74620011F0B15FF00AFF899 /* SeparatorView.swift in Sources */ = {isa = PBXBuildFile; fileRef = D7461FFF1F0B15FF00AFF899 /* SeparatorView.swift */; };
		D74620071F0B515100AFF899 /* LICENSE.txt in Resources */ = {isa = PBXBuildFile; fileRef = D74620051F0B515100AFF899 /* LICENSE.txt */; };
		D74620081F0B515100AFF899 /* README2.md in Resources */ = {isa = PBXBuildFile; fileRef = D74620061F0B515100AFF899 /* README2.md */; };
		D789D6371F0AF5200080B9CB /* Prefix.swift in Sources */ = {isa = PBXBuildFile; fileRef = D789D6361F0AF5200080B9CB /* Prefix.swift */; };
		D789D63C1F0AF5870080B9CB /* AppDelegate.swift in Sources */ = {isa = PBXBuildFile; fileRef = D789D6381F0AF5870080B9CB /* AppDelegate.swift */; };
		D789D63D1F0AF5870080B9CB /* MySplitViewController.swift in Sources */ = {isa = PBXBuildFile; fileRef = D789D6391F0AF5870080B9CB /* MySplitViewController.swift */; };
		D789D63E1F0AF5870080B9CB /* PrimaryViewController.swift in Sources */ = {isa = PBXBuildFile; fileRef = D789D63A1F0AF5870080B9CB /* PrimaryViewController.swift */; };
		D789D63F1F0AF5870080B9CB /* MyWindowController.swift in Sources */ = {isa = PBXBuildFile; fileRef = D789D63B1F0AF5870080B9CB /* MyWindowController.swift */; };
		D789D6411F0AF89B0080B9CB /* MyOutlineViewController.swift in Sources */ = {isa = PBXBuildFile; fileRef = D789D6401F0AF89B0080B9CB /* MyOutlineViewController.swift */; };
		D789D6451F0AFB760080B9CB /* FileViewController.swift in Sources */ = {isa = PBXBuildFile; fileRef = D789D6421F0AFB760080B9CB /* FileViewController.swift */; };
		D789D6461F0AFB760080B9CB /* IconViewController.swift in Sources */ = {isa = PBXBuildFile; fileRef = D789D6431F0AFB760080B9CB /* IconViewController.swift */; };
		D789D6471F0AFB760080B9CB /* WebViewController.swift in Sources */ = {isa = PBXBuildFile; fileRef = D789D6441F0AFB760080B9CB /* WebViewController.swift */; };
		D789D6491F0AFBA30080B9CB /* IconViewBox.swift in Sources */ = {isa = PBXBuildFile; fileRef = D789D6481F0AFBA30080B9CB /* IconViewBox.swift */; };
/* End PBXBuildFile section */

/* Begin PBXFileReference section */
		533E9CEB1BB1F3E700B904E0 /* Base */ = {isa = PBXFileReference; lastKnownFileType = file.storyboard; name = Base; path = SourceView/Base.lproj/Main.storyboard; sourceTree = "<group>"; };
		533E9CED1BB1F4B900B904E0 /* Base */ = {isa = PBXFileReference; lastKnownFileType = text.rtf; name = Base; path = SourceView/Base.lproj/Credits.rtf; sourceTree = "<group>"; };
		533E9CEF1BB1F4B900B904E0 /* Base */ = {isa = PBXFileReference; fileEncoding = 10; lastKnownFileType = text.plist.strings; name = Base; path = SourceView/Base.lproj/InfoPlist.strings; sourceTree = "<group>"; };
		5368DC9319DC604D003019C8 /* README.md */ = {isa = PBXFileReference; lastKnownFileType = net.daringfireball.markdown; path = README.md; sourceTree = "<group>"; };
		5368DCB419DC60AD003019C8 /* Outline.dict */ = {isa = PBXFileReference; fileEncoding = 4; lastKnownFileType = text.plist.xml; name = Outline.dict; path = SourceView/Outline.dict; sourceTree = "<group>"; };
		5368DCB919DC60B8003019C8 /* Info.plist */ = {isa = PBXFileReference; fileEncoding = 4; lastKnownFileType = text.plist.xml; name = Info.plist; path = SourceView/Info.plist; sourceTree = "<group>"; };
		537D3D961CB571D000CB2D64 /* WebKit.framework */ = {isa = PBXFileReference; lastKnownFileType = wrapper.framework; name = WebKit.framework; path = System/Library/Frameworks/WebKit.framework; sourceTree = SDKROOT; };
		8D1107320486CEB800E47090 /* SourceView.app */ = {isa = PBXFileReference; explicitFileType = wrapper.application; includeInIndex = 0; path = SourceView.app; sourceTree = BUILT_PRODUCTS_DIR; };
		D7461FFA1F0B0FED00AFF899 /* BaseNode.swift */ = {isa = PBXFileReference; fileEncoding = 4; lastKnownFileType = sourcecode.swift; name = BaseNode.swift; path = SourceView/BaseNode.swift; sourceTree = "<group>"; };
		D7461FFB1F0B0FED00AFF899 /* ChildNode.swift */ = {isa = PBXFileReference; fileEncoding = 4; lastKnownFileType = sourcecode.swift; name = ChildNode.swift; path = SourceView/ChildNode.swift; sourceTree = "<group>"; };
		D7461FFE1F0B15FF00AFF899 /* ChildEditViewController.swift */ = {isa = PBXFileReference; fileEncoding = 4; lastKnownFileType = sourcecode.swift; name = ChildEditViewController.swift; path = SourceView/ChildEditViewController.swift; sourceTree = "<group>"; };
		D7461FFF1F0B15FF00AFF899 /* SeparatorView.swift */ = {isa = PBXFileReference; fileEncoding = 4; lastKnownFileType = sourcecode.swift; name = SeparatorView.swift; path = SourceView/SeparatorView.swift; sourceTree = "<group>"; };
		D74620021F0B48D600AFF899 /* MySplitViewController.h */ = {isa = PBXFileReference; fileEncoding = 4; lastKnownFileType = sourcecode.c.h; name = MySplitViewController.h; path = SourceView/MySplitViewController.h; sourceTree = "<group>"; };
		D74620031F0B48D600AFF899 /* MySplitViewController.m */ = {isa = PBXFileReference; fileEncoding = 4; lastKnownFileType = sourcecode.c.objc; name = MySplitViewController.m; path = SourceView/MySplitViewController.m; sourceTree = "<group>"; };
		D74620051F0B515100AFF899 /* LICENSE.txt */ = {isa = PBXFileReference; fileEncoding = 4; lastKnownFileType = text; path = LICENSE.txt; sourceTree = "<group>"; };
		D74620061F0B515100AFF899 /* README2.md */ = {isa = PBXFileReference; fileEncoding = 4; lastKnownFileType = net.daringfireball.markdown; path = README2.md; sourceTree = "<group>"; };
		D789D6361F0AF5200080B9CB /* Prefix.swift */ = {isa = PBXFileReference; fileEncoding = 4; lastKnownFileType = sourcecode.swift; path = Prefix.swift; sourceTree = "<group>"; };
		D789D6381F0AF5870080B9CB /* AppDelegate.swift */ = {isa = PBXFileReference; fileEncoding = 4; lastKnownFileType = sourcecode.swift; name = AppDelegate.swift; path = SourceView/AppDelegate.swift; sourceTree = "<group>"; };
		D789D6391F0AF5870080B9CB /* MySplitViewController.swift */ = {isa = PBXFileReference; fileEncoding = 4; lastKnownFileType = sourcecode.swift; name = MySplitViewController.swift; path = SourceView/MySplitViewController.swift; sourceTree = "<group>"; };
		D789D63A1F0AF5870080B9CB /* PrimaryViewController.swift */ = {isa = PBXFileReference; fileEncoding = 4; lastKnownFileType = sourcecode.swift; name = PrimaryViewController.swift; path = SourceView/PrimaryViewController.swift; sourceTree = "<group>"; };
		D789D63B1F0AF5870080B9CB /* MyWindowController.swift */ = {isa = PBXFileReference; fileEncoding = 4; lastKnownFileType = sourcecode.swift; name = MyWindowController.swift; path = SourceView/MyWindowController.swift; sourceTree = "<group>"; };
		D789D6401F0AF89B0080B9CB /* MyOutlineViewController.swift */ = {isa = PBXFileReference; fileEncoding = 4; lastKnownFileType = sourcecode.swift; name = MyOutlineViewController.swift; path = SourceView/MyOutlineViewController.swift; sourceTree = "<group>"; };
		D789D6421F0AFB760080B9CB /* FileViewController.swift */ = {isa = PBXFileReference; fileEncoding = 4; lastKnownFileType = sourcecode.swift; name = FileViewController.swift; path = SourceView/FileViewController.swift; sourceTree = "<group>"; };
		D789D6431F0AFB760080B9CB /* IconViewController.swift */ = {isa = PBXFileReference; fileEncoding = 4; lastKnownFileType = sourcecode.swift; name = IconViewController.swift; path = SourceView/IconViewController.swift; sourceTree = "<group>"; };
		D789D6441F0AFB760080B9CB /* WebViewController.swift */ = {isa = PBXFileReference; fileEncoding = 4; lastKnownFileType = sourcecode.swift; name = WebViewController.swift; path = SourceView/WebViewController.swift; sourceTree = "<group>"; };
		D789D6481F0AFBA30080B9CB /* IconViewBox.swift */ = {isa = PBXFileReference; fileEncoding = 4; lastKnownFileType = sourcecode.swift; name = IconViewBox.swift; path = SourceView/IconViewBox.swift; sourceTree = "<group>"; };
/* End PBXFileReference section */

/* Begin PBXFrameworksBuildPhase section */
		8D11072E0486CEB800E47090 /* Frameworks */ = {
			isa = PBXFrameworksBuildPhase;
			buildActionMask = 2147483647;
			files = (
				537D3D971CB571D000CB2D64 /* WebKit.framework in Frameworks */,
			);
			runOnlyForDeploymentPostprocessing = 0;
		};
/* End PBXFrameworksBuildPhase section */

/* Begin PBXGroup section */
		19C28FACFE9D520D11CA2CBB /* Products */ = {
			isa = PBXGroup;
			children = (
				8D1107320486CEB800E47090 /* SourceView.app */,
			);
			name = Products;
			sourceTree = "<group>";
		};
		29B97314FDCFA39411CA2CEA /* TrackIt */ = {
			isa = PBXGroup;
			children = (
				D74620051F0B515100AFF899 /* LICENSE.txt */,
				5368DC9319DC604D003019C8 /* README.md */,
				D74620061F0B515100AFF899 /* README2.md */,
				29B97315FDCFA39411CA2CEA /* Sources */,
				29B97317FDCFA39411CA2CEA /* Resources */,
				19C28FACFE9D520D11CA2CBB /* Products */,
			);
			name = TrackIt;
			sourceTree = "<group>";
		};
		29B97315FDCFA39411CA2CEA /* Sources */ = {
			isa = PBXGroup;
			children = (
				D74620021F0B48D600AFF899 /* MySplitViewController.h */,
				D74620031F0B48D600AFF899 /* MySplitViewController.m */,
				D789D6361F0AF5200080B9CB /* Prefix.swift */,
				D789D6381F0AF5870080B9CB /* AppDelegate.swift */,
				D789D63B1F0AF5870080B9CB /* MyWindowController.swift */,
				D789D63A1F0AF5870080B9CB /* PrimaryViewController.swift */,
				D789D6391F0AF5870080B9CB /* MySplitViewController.swift */,
				5334E6931BA227B300AB44BD /* Master */,
				5334E6921BA2277C00AB44BD /* Detail */,
				D7461FFE1F0B15FF00AFF899 /* ChildEditViewController.swift */,
				D7461FFF1F0B15FF00AFF899 /* SeparatorView.swift */,
				53663E181177C62800078216 /* Tree Support */,
			);
			name = Sources;
			sourceTree = "<group>";
		};
		29B97317FDCFA39411CA2CEA /* Resources */ = {
			isa = PBXGroup;
			children = (
				533E9CEC1BB1F4B900B904E0 /* Credits.rtf */,
				533E9CEE1BB1F4B900B904E0 /* InfoPlist.strings */,
				5368DCB419DC60AD003019C8 /* Outline.dict */,
				5368DCB919DC60B8003019C8 /* Info.plist */,
				53E207311BA0BEB000E45BA6 /* Main.storyboard */,
				537D3D961CB571D000CB2D64 /* WebKit.framework */,
			);
			name = Resources;
			sourceTree = "<group>";
		};
		5334E6921BA2277C00AB44BD /* Detail */ = {
			isa = PBXGroup;
			children = (
				D789D6481F0AFBA30080B9CB /* IconViewBox.swift */,
				D789D6421F0AFB760080B9CB /* FileViewController.swift */,
				D789D6431F0AFB760080B9CB /* IconViewController.swift */,
				D789D6441F0AFB760080B9CB /* WebViewController.swift */,
			);
			name = Detail;
			sourceTree = "<group>";
		};
		5334E6931BA227B300AB44BD /* Master */ = {
			isa = PBXGroup;
			children = (
				D789D6401F0AF89B0080B9CB /* MyOutlineViewController.swift */,
			);
			name = Master;
			sourceTree = "<group>";
		};
		53663E181177C62800078216 /* Tree Support */ = {
			isa = PBXGroup;
			children = (
				D7461FFA1F0B0FED00AFF899 /* BaseNode.swift */,
				D7461FFB1F0B0FED00AFF899 /* ChildNode.swift */,
			);
			name = "Tree Support";
			sourceTree = "<group>";
		};
/* End PBXGroup section */

/* Begin PBXNativeTarget section */
		8D1107260486CEB800E47090 /* SourceView */ = {
			isa = PBXNativeTarget;
			buildConfigurationList = C01FCF4A08A954540054247B /* Build configuration list for PBXNativeTarget "SourceView" */;
			buildPhases = (
				8D1107290486CEB800E47090 /* Resources */,
				8D11072C0486CEB800E47090 /* Sources */,
				8D11072E0486CEB800E47090 /* Frameworks */,
			);
			buildRules = (
			);
			dependencies = (
			);
			name = SourceView;
			productInstallPath = "$(HOME)/Applications";
			productName = TrackIt;
			productReference = 8D1107320486CEB800E47090 /* SourceView.app */;
			productType = "com.apple.product-type.application";
		};
/* End PBXNativeTarget section */

/* Begin PBXProject section */
		29B97313FDCFA39411CA2CEA /* Project object */ = {
			isa = PBXProject;
			attributes = {
				LastUpgradeCheck = 0820;
				TargetAttributes = {
					8D1107260486CEB800E47090 = {
						DevelopmentTeam = V7M23Q5387;
						LastSwiftMigration = 0830;
					};
				};
			};
			buildConfigurationList = C01FCF4E08A954540054247B /* Build configuration list for PBXProject "SourceView" */;
			compatibilityVersion = "Xcode 3.2";
			developmentRegion = English;
			hasScannedForEncodings = 1;
			knownRegions = (
				en,
				English,
				Base,
			);
			mainGroup = 29B97314FDCFA39411CA2CEA /* TrackIt */;
			projectDirPath = "";
			projectRoot = "";
			targets = (
				8D1107260486CEB800E47090 /* SourceView */,
			);
		};
/* End PBXProject section */

/* Begin PBXResourcesBuildPhase section */
		8D1107290486CEB800E47090 /* Resources */ = {
			isa = PBXResourcesBuildPhase;
			buildActionMask = 2147483647;
			files = (
				D74620081F0B515100AFF899 /* README2.md in Resources */,
				5368DCB619DC60AD003019C8 /* Outline.dict in Resources */,
				533E9CF11BB1F4B900B904E0 /* InfoPlist.strings in Resources */,
				533E9CF01BB1F4B900B904E0 /* Credits.rtf in Resources */,
				D74620071F0B515100AFF899 /* LICENSE.txt in Resources */,
				53E207331BA0BEB000E45BA6 /* Main.storyboard in Resources */,
			);
			runOnlyForDeploymentPostprocessing = 0;
		};
/* End PBXResourcesBuildPhase section */

/* Begin PBXSourcesBuildPhase section */
		8D11072C0486CEB800E47090 /* Sources */ = {
			isa = PBXSourcesBuildPhase;
			buildActionMask = 2147483647;
			files = (
				D789D63E1F0AF5870080B9CB /* PrimaryViewController.swift in Sources */,
				D789D63D1F0AF5870080B9CB /* MySplitViewController.swift in Sources */,
				D74620001F0B15FF00AFF899 /* ChildEditViewController.swift in Sources */,
				D789D6411F0AF89B0080B9CB /* MyOutlineViewController.swift in Sources */,
				D789D6451F0AFB760080B9CB /* FileViewController.swift in Sources */,
				D789D6371F0AF5200080B9CB /* Prefix.swift in Sources */,
				D7461FFC1F0B0FED00AFF899 /* BaseNode.swift in Sources */,
				D789D6491F0AFBA30080B9CB /* IconViewBox.swift in Sources */,
				D789D63C1F0AF5870080B9CB /* AppDelegate.swift in Sources */,
				D74620011F0B15FF00AFF899 /* SeparatorView.swift in Sources */,
				D789D6471F0AFB760080B9CB /* WebViewController.swift in Sources */,
				D789D63F1F0AF5870080B9CB /* MyWindowController.swift in Sources */,
				D7461FFD1F0B0FED00AFF899 /* ChildNode.swift in Sources */,
				D789D6461F0AFB760080B9CB /* IconViewController.swift in Sources */,
			);
			runOnlyForDeploymentPostprocessing = 0;
		};
/* End PBXSourcesBuildPhase section */

/* Begin PBXVariantGroup section */
		533E9CEC1BB1F4B900B904E0 /* Credits.rtf */ = {
			isa = PBXVariantGroup;
			children = (
				533E9CED1BB1F4B900B904E0 /* Base */,
			);
			name = Credits.rtf;
			sourceTree = "<group>";
		};
		533E9CEE1BB1F4B900B904E0 /* InfoPlist.strings */ = {
			isa = PBXVariantGroup;
			children = (
				533E9CEF1BB1F4B900B904E0 /* Base */,
			);
			name = InfoPlist.strings;
			sourceTree = "<group>";
		};
		53E207311BA0BEB000E45BA6 /* Main.storyboard */ = {
			isa = PBXVariantGroup;
			children = (
				533E9CEB1BB1F3E700B904E0 /* Base */,
			);
			name = Main.storyboard;
			sourceTree = "<group>";
		};
/* End PBXVariantGroup section */

/* Begin XCBuildConfiguration section */
		C01FCF4B08A954540054247B /* Debug */ = {
			isa = XCBuildConfiguration;
			buildSettings = {
				CLANG_ENABLE_MODULES = YES;
				CLANG_ENABLE_OBJC_ARC = YES;
				CLANG_WARN__DUPLICATE_METHOD_MATCH = YES;
				COMBINE_HIDPI_IMAGES = YES;
				GCC_PREFIX_HEADER = SourceView/Prefix.pch;
				GCC_WARN_64_TO_32_BIT_CONVERSION = YES;
				GCC_WARN_SIGN_COMPARE = YES;
				GCC_WARN_UNDECLARED_SELECTOR = YES;
				GCC_WARN_UNUSED_PARAMETER = NO;
				INFOPLIST_FILE = SourceView/Info.plist;
				INSTALL_PATH = "$(HOME)/Applications";
				LD_RUNPATH_SEARCH_PATHS = "$(inherited) @executable_path/../Frameworks";
				MACOSX_DEPLOYMENT_TARGET = 10.10;
				PRODUCT_BUNDLE_IDENTIFIER = "com.example.apple-samplecode.${PRODUCT_NAME:rfc1034identifier}";
				PRODUCT_NAME = SourceView;
				SDKROOT = macosx;
				SWIFT_OPTIMIZATION_LEVEL = "-Onone";
				SWIFT_VERSION = 3.0;
				WRAPPER_EXTENSION = app;
			};
			name = Debug;
		};
		C01FCF4C08A954540054247B /* Release */ = {
			isa = XCBuildConfiguration;
			buildSettings = {
				CLANG_ENABLE_MODULES = YES;
				CLANG_ENABLE_OBJC_ARC = YES;
				CLANG_WARN__DUPLICATE_METHOD_MATCH = YES;
				COMBINE_HIDPI_IMAGES = YES;
				GCC_FAST_OBJC_DISPATCH = YES;
				GCC_OPTIMIZATION_LEVEL = s;
				GCC_PREFIX_HEADER = SourceView/Prefix.pch;
				GCC_WARN_64_TO_32_BIT_CONVERSION = YES;
				GCC_WARN_SIGN_COMPARE = YES;
				GCC_WARN_UNDECLARED_SELECTOR = YES;
				GCC_WARN_UNUSED_PARAMETER = NO;
				INFOPLIST_FILE = SourceView/Info.plist;
				INSTALL_PATH = "$(HOME)/Applications";
				LD_RUNPATH_SEARCH_PATHS = "$(inherited) @executable_path/../Frameworks";
				MACOSX_DEPLOYMENT_TARGET = 10.10;
				PRODUCT_BUNDLE_IDENTIFIER = "com.example.apple-samplecode.${PRODUCT_NAME:rfc1034identifier}";
				PRODUCT_NAME = SourceView;
				SDKROOT = macosx;
				SWIFT_VERSION = 3.0;
				WRAPPER_EXTENSION = app;
			};
			name = Release;
		};
		C01FCF4F08A954540054247B /* Debug */ = {
			isa = XCBuildConfiguration;
			buildSettings = {
				CLANG_ANALYZER_LOCALIZABILITY_NONLOCALIZED = YES;
				CLANG_ENABLE_MODULES = YES;
				CLANG_WARN_BOOL_CONVERSION = YES;
				CLANG_WARN_CONSTANT_CONVERSION = YES;
				CLANG_WARN_EMPTY_BODY = YES;
				CLANG_WARN_ENUM_CONVERSION = YES;
				CLANG_WARN_INFINITE_RECURSION = YES;
				CLANG_WARN_INT_CONVERSION = YES;
				CLANG_WARN_SUSPICIOUS_MOVE = YES;
				CLANG_WARN_UNREACHABLE_CODE = YES;
				CLANG_WARN__DUPLICATE_METHOD_MATCH = YES;
				DEBUG_INFORMATION_FORMAT = "dwarf-with-dsym";
				ENABLE_STRICT_OBJC_MSGSEND = YES;
				ENABLE_TESTABILITY = YES;
				GCC_FAST_OBJC_DISPATCH = NO;
				GCC_NO_COMMON_BLOCKS = YES;
				GCC_OPTIMIZATION_LEVEL = 0;
				GCC_WARN_64_TO_32_BIT_CONVERSION = YES;
				GCC_WARN_ABOUT_MISSING_FIELD_INITIALIZERS = YES;
				GCC_WARN_ABOUT_MISSING_PROTOTYPES = YES;
				GCC_WARN_ABOUT_RETURN_TYPE = YES;
				GCC_WARN_INITIALIZER_NOT_FULLY_BRACKETED = YES;
				GCC_WARN_SHADOW = YES;
				GCC_WARN_UNDECLARED_SELECTOR = YES;
				GCC_WARN_UNINITIALIZED_AUTOS = YES;
				GCC_WARN_UNKNOWN_PRAGMAS = YES;
				GCC_WARN_UNUSED_FUNCTION = YES;
				GCC_WARN_UNUSED_LABEL = YES;
				GCC_WARN_UNUSED_PARAMETER = NO;
				GCC_WARN_UNUSED_VARIABLE = YES;
				MACOSX_DEPLOYMENT_TARGET = 10.10;
				ONLY_ACTIVE_ARCH = YES;
				RUN_CLANG_STATIC_ANALYZER = YES;
				SDKROOT = macosx;
			};
			name = Debug;
		};
		C01FCF5008A954540054247B /* Release */ = {
			isa = XCBuildConfiguration;
			buildSettings = {
				CLANG_ANALYZER_LOCALIZABILITY_NONLOCALIZED = YES;
				CLANG_ENABLE_MODULES = YES;
				CLANG_WARN_BOOL_CONVERSION = YES;
				CLANG_WARN_CONSTANT_CONVERSION = YES;
				CLANG_WARN_EMPTY_BODY = YES;
				CLANG_WARN_ENUM_CONVERSION = YES;
				CLANG_WARN_INFINITE_RECURSION = YES;
				CLANG_WARN_INT_CONVERSION = YES;
				CLANG_WARN_SUSPICIOUS_MOVE = YES;
				CLANG_WARN_UNREACHABLE_CODE = YES;
				CLANG_WARN__DUPLICATE_METHOD_MATCH = YES;
				DEBUG_INFORMATION_FORMAT = "dwarf-with-dsym";
				ENABLE_STRICT_OBJC_MSGSEND = YES;
				GCC_NO_COMMON_BLOCKS = YES;
				GCC_WARN_64_TO_32_BIT_CONVERSION = YES;
				GCC_WARN_ABOUT_MISSING_FIELD_INITIALIZERS = YES;
				GCC_WARN_ABOUT_MISSING_PROTOTYPES = YES;
				GCC_WARN_ABOUT_RETURN_TYPE = YES;
				GCC_WARN_INITIALIZER_NOT_FULLY_BRACKETED = YES;
				GCC_WARN_SHADOW = YES;
				GCC_WARN_UNDECLARED_SELECTOR = YES;
				GCC_WARN_UNINITIALIZED_AUTOS = YES;
				GCC_WARN_UNKNOWN_PRAGMAS = YES;
				GCC_WARN_UNUSED_FUNCTION = YES;
				GCC_WARN_UNUSED_LABEL = YES;
				GCC_WARN_UNUSED_PARAMETER = NO;
				GCC_WARN_UNUSED_VARIABLE = YES;
				MACOSX_DEPLOYMENT_TARGET = 10.10;
				SDKROOT = macosx;
			};
			name = Release;
		};
/* End XCBuildConfiguration section */

/* Begin XCConfigurationList section */
		C01FCF4A08A954540054247B /* Build configuration list for PBXNativeTarget "SourceView" */ = {
			isa = XCConfigurationList;
			buildConfigurations = (
				C01FCF4B08A954540054247B /* Debug */,
				C01FCF4C08A954540054247B /* Release */,
			);
			defaultConfigurationIsVisible = 0;
			defaultConfigurationName = Release;
		};
		C01FCF4E08A954540054247B /* Build configuration list for PBXProject "SourceView" */ = {
			isa = XCConfigurationList;
			buildConfigurations = (
				C01FCF4F08A954540054247B /* Debug */,
				C01FCF5008A954540054247B /* Release */,
			);
			defaultConfigurationIsVisible = 0;
			defaultConfigurationName = Release;
		};
/* End XCConfigurationList section */
	};
	rootObject = 29B97313FDCFA39411CA2CEA /* Project object */;
}
