// !$*UTF8*$!
{
	archiveVersion = 1;
	classes = {
	};
	objectVersion = 46;
	objects = {

/* Begin PBXBuildFile section */
		532BAD031BA37AC800565C88 /* ChildEditViewController.m in Sources */ = {isa = PBXBuildFile; fileRef = 532BAD021BA37AC800565C88 /* ChildEditViewController.m */; };
		533E9CF01BB1F4B900B904E0 /* Credits.rtf in Resources */ = {isa = PBXBuildFile; fileRef = 533E9CEC1BB1F4B900B904E0 /* Credits.rtf */; };
		533E9CF11BB1F4B900B904E0 /* InfoPlist.strings in Resources */ = {isa = PBXBuildFile; fileRef = 533E9CEE1BB1F4B900B904E0 /* InfoPlist.strings */; };
		534BC1041BA8AC3D00E3766A /* WebViewController.m in Sources */ = {isa = PBXBuildFile; fileRef = 534BC1031BA8AC3D00E3766A /* WebViewController.m */; };
		53512FAB1E7C735E006F6007 /* IconViewBox.m in Sources */ = {isa = PBXBuildFile; fileRef = 53512FAA1E7C735E006F6007 /* IconViewBox.m */; };
		5368DC9719DC605B003019C8 /* AppDelegate.m in Sources */ = {isa = PBXBuildFile; fileRef = 5368DC9519DC605B003019C8 /* AppDelegate.m */; };
		5368DC9819DC605B003019C8 /* main.m in Sources */ = {isa = PBXBuildFile; fileRef = 5368DC9619DC605B003019C8 /* main.m */; };
		5368DC9F19DC6077003019C8 /* MyWindowController.m in Sources */ = {isa = PBXBuildFile; fileRef = 5368DC9D19DC6077003019C8 /* MyWindowController.m */; };
		5368DCB019DC609A003019C8 /* BaseNode.m in Sources */ = {isa = PBXBuildFile; fileRef = 5368DCAD19DC609A003019C8 /* BaseNode.m */; };
		5368DCB119DC609A003019C8 /* ChildNode.m in Sources */ = {isa = PBXBuildFile; fileRef = 5368DCAF19DC609A003019C8 /* ChildNode.m */; };
		5368DCB619DC60AD003019C8 /* Outline.dict in Resources */ = {isa = PBXBuildFile; fileRef = 5368DCB419DC60AD003019C8 /* Outline.dict */; };
		537D3D971CB571D000CB2D64 /* WebKit.framework in Frameworks */ = {isa = PBXBuildFile; fileRef = 537D3D961CB571D000CB2D64 /* WebKit.framework */; };
		5383D4541BA2016900014E51 /* FileViewController.m in Sources */ = {isa = PBXBuildFile; fileRef = 5383D4501BA2016900014E51 /* FileViewController.m */; };
		5383D4551BA2016900014E51 /* IconViewController.m in Sources */ = {isa = PBXBuildFile; fileRef = 5383D4521BA2016900014E51 /* IconViewController.m */; };
		5383D4581BA20A2D00014E51 /* PrimaryViewController.m in Sources */ = {isa = PBXBuildFile; fileRef = 5383D4571BA20A2D00014E51 /* PrimaryViewController.m */; };
		5383D45B1BA2152700014E51 /* MySplitViewController.m in Sources */ = {isa = PBXBuildFile; fileRef = 5383D45A1BA2152700014E51 /* MySplitViewController.m */; };
		53E207331BA0BEB000E45BA6 /* Main.storyboard in Resources */ = {isa = PBXBuildFile; fileRef = 53E207311BA0BEB000E45BA6 /* Main.storyboard */; };
		53E207361BA0BF8600E45BA6 /* MyOutlineViewController.m in Sources */ = {isa = PBXBuildFile; fileRef = 53E207351BA0BF8600E45BA6 /* MyOutlineViewController.m */; };
		53E207391BA0C4AB00E45BA6 /* SeparatorView.m in Sources */ = {isa = PBXBuildFile; fileRef = 53E207381BA0C4AB00E45BA6 /* SeparatorView.m */; };
/* End PBXBuildFile section */

/* Begin PBXFileReference section */
		532BAD011BA37AC800565C88 /* ChildEditViewController.h */ = {isa = PBXFileReference; fileEncoding = 4; lastKnownFileType = sourcecode.c.h; name = ChildEditViewController.h; path = SourceView/ChildEditViewController.h; sourceTree = "<group>"; };
		532BAD021BA37AC800565C88 /* ChildEditViewController.m */ = {isa = PBXFileReference; fileEncoding = 4; lastKnownFileType = sourcecode.c.objc; name = ChildEditViewController.m; path = SourceView/ChildEditViewController.m; sourceTree = "<group>"; };
		533E9CEB1BB1F3E700B904E0 /* Base */ = {isa = PBXFileReference; lastKnownFileType = file.storyboard; name = Base; path = SourceView/Base.lproj/Main.storyboard; sourceTree = "<group>"; };
		533E9CED1BB1F4B900B904E0 /* Base */ = {isa = PBXFileReference; lastKnownFileType = text.rtf; name = Base; path = SourceView/Base.lproj/Credits.rtf; sourceTree = "<group>"; };
		533E9CEF1BB1F4B900B904E0 /* Base */ = {isa = PBXFileReference; fileEncoding = 10; lastKnownFileType = text.plist.strings; name = Base; path = SourceView/Base.lproj/InfoPlist.strings; sourceTree = "<group>"; };
		534BC1021BA8AC3D00E3766A /* WebViewController.h */ = {isa = PBXFileReference; fileEncoding = 4; lastKnownFileType = sourcecode.c.h; name = WebViewController.h; path = SourceView/WebViewController.h; sourceTree = "<group>"; };
		534BC1031BA8AC3D00E3766A /* WebViewController.m */ = {isa = PBXFileReference; fileEncoding = 4; lastKnownFileType = sourcecode.c.objc; name = WebViewController.m; path = SourceView/WebViewController.m; sourceTree = "<group>"; };
		53512FA91E7C735E006F6007 /* IconViewBox.h */ = {isa = PBXFileReference; fileEncoding = 4; lastKnownFileType = sourcecode.c.h; name = IconViewBox.h; path = SourceView/IconViewBox.h; sourceTree = "<group>"; };
		53512FAA1E7C735E006F6007 /* IconViewBox.m */ = {isa = PBXFileReference; fileEncoding = 4; lastKnownFileType = sourcecode.c.objc; name = IconViewBox.m; path = SourceView/IconViewBox.m; sourceTree = "<group>"; };
		5368DC9319DC604D003019C8 /* README.md */ = {isa = PBXFileReference; lastKnownFileType = net.daringfireball.markdown; path = README.md; sourceTree = "<group>"; };
		5368DC9419DC605B003019C8 /* AppDelegate.h */ = {isa = PBXFileReference; fileEncoding = 4; lastKnownFileType = sourcecode.c.h; name = AppDelegate.h; path = SourceView/AppDelegate.h; sourceTree = "<group>"; };
		5368DC9519DC605B003019C8 /* AppDelegate.m */ = {isa = PBXFileReference; fileEncoding = 4; lastKnownFileType = sourcecode.c.objc; name = AppDelegate.m; path = SourceView/AppDelegate.m; sourceTree = "<group>"; };
		5368DC9619DC605B003019C8 /* main.m */ = {isa = PBXFileReference; fileEncoding = 4; lastKnownFileType = sourcecode.c.objc; name = main.m; path = SourceView/main.m; sourceTree = "<group>"; };
		5368DC9919DC6063003019C8 /* Prefix.pch */ = {isa = PBXFileReference; fileEncoding = 4; lastKnownFileType = sourcecode.c.h; name = Prefix.pch; path = SourceView/Prefix.pch; sourceTree = "<group>"; };
		5368DC9C19DC6077003019C8 /* MyWindowController.h */ = {isa = PBXFileReference; fileEncoding = 4; lastKnownFileType = sourcecode.c.h; name = MyWindowController.h; path = SourceView/MyWindowController.h; sourceTree = "<group>"; };
		5368DC9D19DC6077003019C8 /* MyWindowController.m */ = {isa = PBXFileReference; fileEncoding = 4; lastKnownFileType = sourcecode.c.objc; name = MyWindowController.m; path = SourceView/MyWindowController.m; sourceTree = "<group>"; };
		5368DCAC19DC609A003019C8 /* BaseNode.h */ = {isa = PBXFileReference; fileEncoding = 4; lastKnownFileType = sourcecode.c.h; name = BaseNode.h; path = SourceView/BaseNode.h; sourceTree = "<group>"; };
		5368DCAD19DC609A003019C8 /* BaseNode.m */ = {isa = PBXFileReference; fileEncoding = 4; lastKnownFileType = sourcecode.c.objc; name = BaseNode.m; path = SourceView/BaseNode.m; sourceTree = "<group>"; };
		5368DCAE19DC609A003019C8 /* ChildNode.h */ = {isa = PBXFileReference; fileEncoding = 4; lastKnownFileType = sourcecode.c.h; name = ChildNode.h; path = SourceView/ChildNode.h; sourceTree = "<group>"; };
		5368DCAF19DC609A003019C8 /* ChildNode.m */ = {isa = PBXFileReference; fileEncoding = 4; lastKnownFileType = sourcecode.c.objc; name = ChildNode.m; path = SourceView/ChildNode.m; sourceTree = "<group>"; };
		5368DCB419DC60AD003019C8 /* Outline.dict */ = {isa = PBXFileReference; fileEncoding = 4; lastKnownFileType = text.plist.xml; name = Outline.dict; path = SourceView/Outline.dict; sourceTree = "<group>"; };
		5368DCB919DC60B8003019C8 /* Info.plist */ = {isa = PBXFileReference; fileEncoding = 4; lastKnownFileType = text.plist.xml; name = Info.plist; path = SourceView/Info.plist; sourceTree = "<group>"; };
		537D3D961CB571D000CB2D64 /* WebKit.framework */ = {isa = PBXFileReference; lastKnownFileType = wrapper.framework; name = WebKit.framework; path = System/Library/Frameworks/WebKit.framework; sourceTree = SDKROOT; };
		5383D44F1BA2016900014E51 /* FileViewController.h */ = {isa = PBXFileReference; fileEncoding = 4; lastKnownFileType = sourcecode.c.h; name = FileViewController.h; path = SourceView/FileViewController.h; sourceTree = "<group>"; };
		5383D4501BA2016900014E51 /* FileViewController.m */ = {isa = PBXFileReference; fileEncoding = 4; lastKnownFileType = sourcecode.c.objc; name = FileViewController.m; path = SourceView/FileViewController.m; sourceTree = "<group>"; };
		5383D4511BA2016900014E51 /* IconViewController.h */ = {isa = PBXFileReference; fileEncoding = 4; lastKnownFileType = sourcecode.c.h; name = IconViewController.h; path = SourceView/IconViewController.h; sourceTree = "<group>"; };
		5383D4521BA2016900014E51 /* IconViewController.m */ = {isa = PBXFileReference; fileEncoding = 4; lastKnownFileType = sourcecode.c.objc; name = IconViewController.m; path = SourceView/IconViewController.m; sourceTree = "<group>"; };
		5383D4561BA20A2D00014E51 /* PrimaryViewController.h */ = {isa = PBXFileReference; fileEncoding = 4; lastKnownFileType = sourcecode.c.h; name = PrimaryViewController.h; path = SourceView/PrimaryViewController.h; sourceTree = "<group>"; };
		5383D4571BA20A2D00014E51 /* PrimaryViewController.m */ = {isa = PBXFileReference; fileEncoding = 4; lastKnownFileType = sourcecode.c.objc; name = PrimaryViewController.m; path = SourceView/PrimaryViewController.m; sourceTree = "<group>"; };
		5383D4591BA2152700014E51 /* MySplitViewController.h */ = {isa = PBXFileReference; fileEncoding = 4; lastKnownFileType = sourcecode.c.h; name = MySplitViewController.h; path = SourceView/MySplitViewController.h; sourceTree = "<group>"; };
		5383D45A1BA2152700014E51 /* MySplitViewController.m */ = {isa = PBXFileReference; fileEncoding = 4; lastKnownFileType = sourcecode.c.objc; name = MySplitViewController.m; path = SourceView/MySplitViewController.m; sourceTree = "<group>"; };
		53E207341BA0BF8600E45BA6 /* MyOutlineViewController.h */ = {isa = PBXFileReference; fileEncoding = 4; lastKnownFileType = sourcecode.c.h; name = MyOutlineViewController.h; path = SourceView/MyOutlineViewController.h; sourceTree = "<group>"; };
		53E207351BA0BF8600E45BA6 /* MyOutlineViewController.m */ = {isa = PBXFileReference; fileEncoding = 4; lastKnownFileType = sourcecode.c.objc; name = MyOutlineViewController.m; path = SourceView/MyOutlineViewController.m; sourceTree = "<group>"; };
		53E207371BA0C4AB00E45BA6 /* SeparatorView.h */ = {isa = PBXFileReference; fileEncoding = 4; lastKnownFileType = sourcecode.c.h; name = SeparatorView.h; path = SourceView/SeparatorView.h; sourceTree = "<group>"; };
		53E207381BA0C4AB00E45BA6 /* SeparatorView.m */ = {isa = PBXFileReference; fileEncoding = 4; lastKnownFileType = sourcecode.c.objc; name = SeparatorView.m; path = SourceView/SeparatorView.m; sourceTree = "<group>"; };
		8D1107320486CEB800E47090 /* SourceView.app */ = {isa = PBXFileReference; explicitFileType = wrapper.application; includeInIndex = 0; path = SourceView.app; sourceTree = BUILT_PRODUCTS_DIR; };
/* End PBXFileReference section */

/* Begin PBXFrameworksBuildPhase section */
		8D11072E0486CEB800E47090 /* Frameworks */ = {
			isa = PBXFrameworksBuildPhase;
			buildActionMask = 2147483647;
			files = (
				537D3D971CB571D000CB2D64 /* WebKit.framework in Frameworks */,
			);
			runOnlyForDeploymentPostprocessing = 0;
		};
/* End PBXFrameworksBuildPhase section */

/* Begin PBXGroup section */
		19C28FACFE9D520D11CA2CBB /* Products */ = {
			isa = PBXGroup;
			children = (
				8D1107320486CEB800E47090 /* SourceView.app */,
			);
			name = Products;
			sourceTree = "<group>";
		};
		29B97314FDCFA39411CA2CEA /* TrackIt */ = {
			isa = PBXGroup;
			children = (
				5368DC9319DC604D003019C8 /* README.md */,
				29B97315FDCFA39411CA2CEA /* Sources */,
				29B97317FDCFA39411CA2CEA /* Resources */,
				19C28FACFE9D520D11CA2CBB /* Products */,
			);
			name = TrackIt;
			sourceTree = "<group>";
		};
		29B97315FDCFA39411CA2CEA /* Sources */ = {
			isa = PBXGroup;
			children = (
				5368DC9919DC6063003019C8 /* Prefix.pch */,
				5368DC9619DC605B003019C8 /* main.m */,
				5368DC9419DC605B003019C8 /* AppDelegate.h */,
				5368DC9519DC605B003019C8 /* AppDelegate.m */,
				5368DC9C19DC6077003019C8 /* MyWindowController.h */,
				5368DC9D19DC6077003019C8 /* MyWindowController.m */,
				5383D4561BA20A2D00014E51 /* PrimaryViewController.h */,
				5383D4571BA20A2D00014E51 /* PrimaryViewController.m */,
				5383D4591BA2152700014E51 /* MySplitViewController.h */,
				5383D45A1BA2152700014E51 /* MySplitViewController.m */,
				5334E6931BA227B300AB44BD /* Master */,
				5334E6921BA2277C00AB44BD /* Detail */,
				532BAD011BA37AC800565C88 /* ChildEditViewController.h */,
				532BAD021BA37AC800565C88 /* ChildEditViewController.m */,
				53E207371BA0C4AB00E45BA6 /* SeparatorView.h */,
				53E207381BA0C4AB00E45BA6 /* SeparatorView.m */,
				53663E181177C62800078216 /* Tree Support */,
			);
			name = Sources;
			sourceTree = "<group>";
		};
		29B97317FDCFA39411CA2CEA /* Resources */ = {
			isa = PBXGroup;
			children = (
				533E9CEC1BB1F4B900B904E0 /* Credits.rtf */,
				533E9CEE1BB1F4B900B904E0 /* InfoPlist.strings */,
				5368DCB419DC60AD003019C8 /* Outline.dict */,
				5368DCB919DC60B8003019C8 /* Info.plist */,
				53E207311BA0BEB000E45BA6 /* Main.storyboard */,
				537D3D961CB571D000CB2D64 /* WebKit.framework */,
			);
			name = Resources;
			sourceTree = "<group>";
		};
		5334E6921BA2277C00AB44BD /* Detail */ = {
			isa = PBXGroup;
			children = (
				53512FA91E7C735E006F6007 /* IconViewBox.h */,
				53512FAA1E7C735E006F6007 /* IconViewBox.m */,
				5383D44F1BA2016900014E51 /* FileViewController.h */,
				5383D4501BA2016900014E51 /* FileViewController.m */,
				5383D4511BA2016900014E51 /* IconViewController.h */,
				5383D4521BA2016900014E51 /* IconViewController.m */,
				534BC1021BA8AC3D00E3766A /* WebViewController.h */,
				534BC1031BA8AC3D00E3766A /* WebViewController.m */,
			);
			name = Detail;
			sourceTree = "<group>";
		};
		5334E6931BA227B300AB44BD /* Master */ = {
			isa = PBXGroup;
			children = (
				53E207341BA0BF8600E45BA6 /* MyOutlineViewController.h */,
				53E207351BA0BF8600E45BA6 /* MyOutlineViewController.m */,
			);
			name = Master;
			sourceTree = "<group>";
		};
		53663E181177C62800078216 /* Tree Support */ = {
			isa = PBXGroup;
			children = (
				5368DCAC19DC609A003019C8 /* BaseNode.h */,
				5368DCAD19DC609A003019C8 /* BaseNode.m */,
				5368DCAE19DC609A003019C8 /* ChildNode.h */,
				5368DCAF19DC609A003019C8 /* ChildNode.m */,
			);
			name = "Tree Support";
			sourceTree = "<group>";
		};
/* End PBXGroup section */

/* Begin PBXNativeTarget section */
		8D1107260486CEB800E47090 /* SourceView */ = {
			isa = PBXNativeTarget;
			buildConfigurationList = C01FCF4A08A954540054247B /* Build configuration list for PBXNativeTarget "SourceView" */;
			buildPhases = (
				8D1107290486CEB800E47090 /* Resources */,
				8D11072C0486CEB800E47090 /* Sources */,
				8D11072E0486CEB800E47090 /* Frameworks */,
			);
			buildRules = (
			);
			dependencies = (
			);
			name = SourceView;
			productInstallPath = "$(HOME)/Applications";
			productName = TrackIt;
			productReference = 8D1107320486CEB800E47090 /* SourceView.app */;
			productType = "com.apple.product-type.application";
		};
/* End PBXNativeTarget section */

/* Begin PBXProject section */
		29B97313FDCFA39411CA2CEA /* Project object */ = {
			isa = PBXProject;
			attributes = {
				LastUpgradeCheck = 0900;
				TargetAttributes = {
					8D1107260486CEB800E47090 = {
						DevelopmentTeam = V7M23Q5387;
					};
				};
			};
			buildConfigurationList = C01FCF4E08A954540054247B /* Build configuration list for PBXProject "SourceView" */;
			compatibilityVersion = "Xcode 3.2";
			developmentRegion = English;
			hasScannedForEncodings = 1;
			knownRegions = (
				en,
				English,
				Base,
			);
			mainGroup = 29B97314FDCFA39411CA2CEA /* TrackIt */;
			projectDirPath = "";
			projectRoot = "";
			targets = (
				8D1107260486CEB800E47090 /* SourceView */,
			);
		};
/* End PBXProject section */

/* Begin PBXResourcesBuildPhase section */
		8D1107290486CEB800E47090 /* Resources */ = {
			isa = PBXResourcesBuildPhase;
			buildActionMask = 2147483647;
			files = (
				5368DCB619DC60AD003019C8 /* Outline.dict in Resources */,
				533E9CF11BB1F4B900B904E0 /* InfoPlist.strings in Resources */,
				533E9CF01BB1F4B900B904E0 /* Credits.rtf in Resources */,
				53E207331BA0BEB000E45BA6 /* Main.storyboard in Resources */,
			);
			runOnlyForDeploymentPostprocessing = 0;
		};
/* End PBXResourcesBuildPhase section */

/* Begin PBXSourcesBuildPhase section */
		8D11072C0486CEB800E47090 /* Sources */ = {
			isa = PBXSourcesBuildPhase;
			buildActionMask = 2147483647;
			files = (
				5368DCB119DC609A003019C8 /* ChildNode.m in Sources */,
				534BC1041BA8AC3D00E3766A /* WebViewController.m in Sources */,
				53512FAB1E7C735E006F6007 /* IconViewBox.m in Sources */,
				5383D4581BA20A2D00014E51 /* PrimaryViewController.m in Sources */,
				5383D4551BA2016900014E51 /* IconViewController.m in Sources */,
				53E207391BA0C4AB00E45BA6 /* SeparatorView.m in Sources */,
				5383D4541BA2016900014E51 /* FileViewController.m in Sources */,
				53E207361BA0BF8600E45BA6 /* MyOutlineViewController.m in Sources */,
				532BAD031BA37AC800565C88 /* ChildEditViewController.m in Sources */,
				5368DCB019DC609A003019C8 /* BaseNode.m in Sources */,
				5368DC9819DC605B003019C8 /* main.m in Sources */,
				5383D45B1BA2152700014E51 /* MySplitViewController.m in Sources */,
				5368DC9719DC605B003019C8 /* AppDelegate.m in Sources */,
				5368DC9F19DC6077003019C8 /* MyWindowController.m in Sources */,
			);
			runOnlyForDeploymentPostprocessing = 0;
		};
/* End PBXSourcesBuildPhase section */

/* Begin PBXVariantGroup section */
		533E9CEC1BB1F4B900B904E0 /* Credits.rtf */ = {
			isa = PBXVariantGroup;
			children = (
				533E9CED1BB1F4B900B904E0 /* Base */,
			);
			name = Credits.rtf;
			sourceTree = "<group>";
		};
		533E9CEE1BB1F4B900B904E0 /* InfoPlist.strings */ = {
			isa = PBXVariantGroup;
			children = (
				533E9CEF1BB1F4B900B904E0 /* Base */,
			);
			name = InfoPlist.strings;
			sourceTree = "<group>";
		};
		53E207311BA0BEB000E45BA6 /* Main.storyboard */ = {
			isa = PBXVariantGroup;
			children = (
				533E9CEB1BB1F3E700B904E0 /* Base */,
			);
			name = Main.storyboard;
			sourceTree = "<group>";
		};
/* End PBXVariantGroup section */

/* Begin XCBuildConfiguration section */
		C01FCF4B08A954540054247B /* Debug */ = {
			isa = XCBuildConfiguration;
			buildSettings = {
				CLANG_ENABLE_MODULES = YES;
				CLANG_ENABLE_OBJC_ARC = YES;
				CLANG_WARN__DUPLICATE_METHOD_MATCH = YES;
				COMBINE_HIDPI_IMAGES = YES;
				GCC_PREFIX_HEADER = SourceView/Prefix.pch;
				GCC_WARN_64_TO_32_BIT_CONVERSION = YES;
				GCC_WARN_SIGN_COMPARE = YES;
				GCC_WARN_UNDECLARED_SELECTOR = YES;
				GCC_WARN_UNUSED_PARAMETER = NO;
				INFOPLIST_FILE = SourceView/Info.plist;
				INSTALL_PATH = "$(HOME)/Applications";
				PRODUCT_BUNDLE_IDENTIFIER = "com.example.apple-samplecode.${PRODUCT_NAME:rfc1034identifier}";
				PRODUCT_NAME = SourceView;
				SDKROOT = macosx;
				WRAPPER_EXTENSION = app;
			};
			name = Debug;
		};
		C01FCF4C08A954540054247B /* Release */ = {
			isa = XCBuildConfiguration;
			buildSettings = {
				CLANG_ENABLE_MODULES = YES;
				CLANG_ENABLE_OBJC_ARC = YES;
				CLANG_WARN__DUPLICATE_METHOD_MATCH = YES;
				COMBINE_HIDPI_IMAGES = YES;
				GCC_FAST_OBJC_DISPATCH = YES;
				GCC_OPTIMIZATION_LEVEL = s;
				GCC_PREFIX_HEADER = SourceView/Prefix.pch;
				GCC_WARN_64_TO_32_BIT_CONVERSION = YES;
				GCC_WARN_SIGN_COMPARE = YES;
				GCC_WARN_UNDECLARED_SELECTOR = YES;
				GCC_WARN_UNUSED_PARAMETER = NO;
				INFOPLIST_FILE = SourceView/Info.plist;
				INSTALL_PATH = "$(HOME)/Applications";
				PRODUCT_BUNDLE_IDENTIFIER = "com.example.apple-samplecode.${PRODUCT_NAME:rfc1034identifier}";
				PRODUCT_NAME = SourceView;
				SDKROOT = macosx;
				WRAPPER_EXTENSION = app;
			};
			name = Release;
		};
		C01FCF4F08A954540054247B /* Debug */ = {
			isa = XCBuildConfiguration;
			buildSettings = {
				CLANG_ANALYZER_LOCALIZABILITY_NONLOCALIZED = YES;
				CLANG_ENABLE_MODULES = YES;
				CLANG_WARN_BLOCK_CAPTURE_AUTORELEASING = YES;
				CLANG_WARN_BOOL_CONVERSION = YES;
				CLANG_WARN_COMMA = YES;
				CLANG_WARN_CONSTANT_CONVERSION = YES;
				CLANG_WARN_EMPTY_BODY = YES;
				CLANG_WARN_ENUM_CONVERSION = YES;
				CLANG_WARN_INFINITE_RECURSION = YES;
				CLANG_WARN_INT_CONVERSION = YES;
				CLANG_WARN_NON_LITERAL_NULL_CONVERSION = YES;
				CLANG_WARN_OBJC_LITERAL_CONVERSION = YES;
				CLANG_WARN_RANGE_LOOP_ANALYSIS = YES;
				CLANG_WARN_STRICT_PROTOTYPES = YES;
				CLANG_WARN_SUSPICIOUS_MOVE = YES;
				CLANG_WARN_UNREACHABLE_CODE = YES;
				CLANG_WARN__DUPLICATE_METHOD_MATCH = YES;
				DEBUG_INFORMATION_FORMAT = "dwarf-with-dsym";
				ENABLE_STRICT_OBJC_MSGSEND = YES;
				ENABLE_TESTABILITY = YES;
				GCC_FAST_OBJC_DISPATCH = NO;
				GCC_NO_COMMON_BLOCKS = YES;
				GCC_OPTIMIZATION_LEVEL = 0;
				GCC_WARN_64_TO_32_BIT_CONVERSION = YES;
				GCC_WARN_ABOUT_MISSING_FIELD_INITIALIZERS = YES;
				GCC_WARN_ABOUT_MISSING_PROTOTYPES = YES;
				GCC_WARN_ABOUT_RETURN_TYPE = YES;
				GCC_WARN_INITIALIZER_NOT_FULLY_BRACKETED = YES;
				GCC_WARN_SHADOW = YES;
				GCC_WARN_UNDECLARED_SELECTOR = YES;
				GCC_WARN_UNINITIALIZED_AUTOS = YES;
				GCC_WARN_UNKNOWN_PRAGMAS = YES;
				GCC_WARN_UNUSED_FUNCTION = YES;
				GCC_WARN_UNUSED_LABEL = YES;
				GCC_WARN_UNUSED_PARAMETER = NO;
				GCC_WARN_UNUSED_VARIABLE = YES;
				MACOSX_DEPLOYMENT_TARGET = 10.10;
				ONLY_ACTIVE_ARCH = YES;
				OTHER_LDFLAGS = "-ObjC";
				RUN_CLANG_STATIC_ANALYZER = YES;
				SDKROOT = macosx;
			};
			name = Debug;
		};
		C01FCF5008A954540054247B /* Release */ = {
			isa = XCBuildConfiguration;
			buildSettings = {
				CLANG_ANALYZER_LOCALIZABILITY_NONLOCALIZED = YES;
				CLANG_ENABLE_MODULES = YES;
				CLANG_WARN_BLOCK_CAPTURE_AUTORELEASING = YES;
				CLANG_WARN_BOOL_CONVERSION = YES;
				CLANG_WARN_COMMA = YES;
				CLANG_WARN_CONSTANT_CONVERSION = YES;
				CLANG_WARN_EMPTY_BODY = YES;
				CLANG_WARN_ENUM_CONVERSION = YES;
				CLANG_WARN_INFINITE_RECURSION = YES;
				CLANG_WARN_INT_CONVERSION = YES;
				CLANG_WARN_NON_LITERAL_NULL_CONVERSION = YES;
				CLANG_WARN_OBJC_LITERAL_CONVERSION = YES;
				CLANG_WARN_RANGE_LOOP_ANALYSIS = YES;
				CLANG_WARN_STRICT_PROTOTYPES = YES;
				CLANG_WARN_SUSPICIOUS_MOVE = YES;
				CLANG_WARN_UNREACHABLE_CODE = YES;
				CLANG_WARN__DUPLICATE_METHOD_MATCH = YES;
				DEBUG_INFORMATION_FORMAT = "dwarf-with-dsym";
				ENABLE_STRICT_OBJC_MSGSEND = YES;
				GCC_NO_COMMON_BLOCKS = YES;
				GCC_WARN_64_TO_32_BIT_CONVERSION = YES;
				GCC_WARN_ABOUT_MISSING_FIELD_INITIALIZERS = YES;
				GCC_WARN_ABOUT_MISSING_PROTOTYPES = YES;
				GCC_WARN_ABOUT_RETURN_TYPE = YES;
				GCC_WARN_INITIALIZER_NOT_FULLY_BRACKETED = YES;
				GCC_WARN_SHADOW = YES;
				GCC_WARN_UNDECLARED_SELECTOR = YES;
				GCC_WARN_UNINITIALIZED_AUTOS = YES;
				GCC_WARN_UNKNOWN_PRAGMAS = YES;
				GCC_WARN_UNUSED_FUNCTION = YES;
				GCC_WARN_UNUSED_LABEL = YES;
				GCC_WARN_UNUSED_PARAMETER = NO;
				GCC_WARN_UNUSED_VARIABLE = YES;
				MACOSX_DEPLOYMENT_TARGET = 10.10;
				OTHER_LDFLAGS = "-ObjC";
				SDKROOT = macosx;
			};
			name = Release;
		};
/* End XCBuildConfiguration section */

/* Begin XCConfigurationList section */
		C01FCF4A08A954540054247B /* Build configuration list for PBXNativeTarget "SourceView" */ = {
			isa = XCConfigurationList;
			buildConfigurations = (
				C01FCF4B08A954540054247B /* Debug */,
				C01FCF4C08A954540054247B /* Release */,
			);
			defaultConfigurationIsVisible = 0;
			defaultConfigurationName = Release;
		};
		C01FCF4E08A954540054247B /* Build configuration list for PBXProject "SourceView" */ = {
			isa = XCConfigurationList;
			buildConfigurations = (
				C01FCF4F08A954540054247B /* Debug */,
				C01FCF5008A954540054247B /* Release */,
			);
			defaultConfigurationIsVisible = 0;
			defaultConfigurationName = Release;
		};
/* End XCConfigurationList section */
	};
	rootObject = 29B97313FDCFA39411CA2CEA /* Project object */;
}
